
Microsoft Visual Studio Solution File, Format Version 12.00
# Visual Studio 2013
VisualStudioVersion = 12.0.40629.0
MinimumVisualStudioVersion = 10.0.40219.1
Project("{FAE04EC0-301F-11D3-BF4B-00C04F79EFBC}") = "Lib", "Lib\Lib.csproj", "{F444DCCF-C24A-4D10-BD16-55263E920767}"
EndProject
Global
	GlobalSection(SolutionConfigurationPlatforms) = preSolution
		Debug|Any CPU = Debug|Any CPU
		Release|Any CPU = Release|Any CPU
	EndGlobalSection
	GlobalSection(ProjectConfigurationPlatforms) = postSolution
		{F444DCCF-C24A-4D10-BD16-55263E920767}.Debug|Any CPU.ActiveCfg = Debug|Any CPU
		{F444DCCF-C24A-4D10-BD16-55263E920767}.Debug|Any CPU.Build.0 = Debug|Any CPU
		{F444DCCF-C24A-4D10-BD16-55263E920767}.Release|Any CPU.ActiveCfg = Release|Any CPU
		{F444DCCF-C24A-4D10-BD16-55263E920767}.Release|Any CPU.Build.0 = Release|Any CPU
	EndGlobalSection
	GlobalSection(SolutionProperties) = preSolution
		HideSolutionNode = FALSE
	EndGlobalSection
EndGlobal
